
Microsoft Visual Studio Solution File, Format Version 12.00
# Visual Studio Version 17
VisualStudioVersion = 17.11.35312.102
MinimumVisualStudioVersion = 10.0.40219.1
Project("{9A19103F-16F7-4668-BE54-9A1E7A4F7556}") = "OrderGenerator", "OrderGenerator\OrderGenerator.csproj", "{01B8B7F0-F35F-496C-9C73-BFAED648EB7C}"
EndProject
Project("{9A19103F-16F7-4668-BE54-9A1E7A4F7556}") = "OrderAccumulator", "OrderAccumulator\OrderAccumulator.csproj", "{DCAAD719-E6F6-494C-A496-875F58F23CCF}"
EndProject
Project("{9A19103F-16F7-4668-BE54-9A1E7A4F7556}") = "OrderAccumulatorTests", "OrderAccumulatorTests\OrderAccumulatorTests.csproj", "{E40D97B9-DD2A-423F-8BB7-558AF950D0ED}"
EndProject
Project("{9A19103F-16F7-4668-BE54-9A1E7A4F7556}") = "OrderGeneratorTests", "OrderGeneratorTests\OrderGeneratorTests.csproj", "{B3860BFD-7984-4FA0-98B2-DABF79C9243A}"
EndProject
Project("{2150E333-8FDC-42A3-9474-1A3956D46DE8}") = "Tests", "Tests", "{711D29BC-9984-4AAC-9B47-BB538C437B58}"
EndProject
Global
	GlobalSection(SolutionConfigurationPlatforms) = preSolution
		Debug|Any CPU = Debug|Any CPU
		Release|Any CPU = Release|Any CPU
	EndGlobalSection
	GlobalSection(ProjectConfigurationPlatforms) = postSolution
		{01B8B7F0-F35F-496C-9C73-BFAED648EB7C}.Debug|Any CPU.ActiveCfg = Debug|Any CPU
		{01B8B7F0-F35F-496C-9C73-BFAED648EB7C}.Debug|Any CPU.Build.0 = Debug|Any CPU
		{01B8B7F0-F35F-496C-9C73-BFAED648EB7C}.Release|Any CPU.ActiveCfg = Release|Any CPU
		{01B8B7F0-F35F-496C-9C73-BFAED648EB7C}.Release|Any CPU.Build.0 = Release|Any CPU
		{DCAAD719-E6F6-494C-A496-875F58F23CCF}.Debug|Any CPU.ActiveCfg = Debug|Any CPU
		{DCAAD719-E6F6-494C-A496-875F58F23CCF}.Debug|Any CPU.Build.0 = Debug|Any CPU
		{DCAAD719-E6F6-494C-A496-875F58F23CCF}.Release|Any CPU.ActiveCfg = Release|Any CPU
		{DCAAD719-E6F6-494C-A496-875F58F23CCF}.Release|Any CPU.Build.0 = Release|Any CPU
		{E40D97B9-DD2A-423F-8BB7-558AF950D0ED}.Debug|Any CPU.ActiveCfg = Debug|Any CPU
		{E40D97B9-DD2A-423F-8BB7-558AF950D0ED}.Debug|Any CPU.Build.0 = Debug|Any CPU
		{E40D97B9-DD2A-423F-8BB7-558AF950D0ED}.Release|Any CPU.ActiveCfg = Release|Any CPU
		{E40D97B9-DD2A-423F-8BB7-558AF950D0ED}.Release|Any CPU.Build.0 = Release|Any CPU
		{B3860BFD-7984-4FA0-98B2-DABF79C9243A}.Debug|Any CPU.ActiveCfg = Debug|Any CPU
		{B3860BFD-7984-4FA0-98B2-DABF79C9243A}.Debug|Any CPU.Build.0 = Debug|Any CPU
		{B3860BFD-7984-4FA0-98B2-DABF79C9243A}.Release|Any CPU.ActiveCfg = Release|Any CPU
		{B3860BFD-7984-4FA0-98B2-DABF79C9243A}.Release|Any CPU.Build.0 = Release|Any CPU
	EndGlobalSection
	GlobalSection(SolutionProperties) = preSolution
		HideSolutionNode = FALSE
	EndGlobalSection
	GlobalSection(NestedProjects) = preSolution
		{E40D97B9-DD2A-423F-8BB7-558AF950D0ED} = {711D29BC-9984-4AAC-9B47-BB538C437B58}
		{B3860BFD-7984-4FA0-98B2-DABF79C9243A} = {711D29BC-9984-4AAC-9B47-BB538C437B58}
	EndGlobalSection
	GlobalSection(ExtensibilityGlobals) = postSolution
		SolutionGuid = {26EFFE0C-8F17-44BD-94B2-51C5A01E4A8B}
	EndGlobalSection
EndGlobal
